
Microsoft Visual Studio Solution File, Format Version 12.00
# Visual Studio Version 16
VisualStudioVersion = 16.0.30114.105
MinimumVisualStudioVersion = 10.0.40219.1
Project("{2150E333-8FDC-42A3-9474-1A3956D46DE8}") = "src", "src", "{384400AD-7DA4-4C34-AFE4-C1B2756E74D7}"
EndProject
Project("{FAE04EC0-301F-11D3-BF4B-00C04F79EFBC}") = "ChallengeApp", "src\ChallengeApp\ChallengeApp.csproj", "{1BB25EE1-FE15-424D-B622-D92B4D719839}"
EndProject
Project("{2150E333-8FDC-42A3-9474-1A3956D46DE8}") = "test", "test", "{D4189B30-A057-40C1-87BE-2D288E464043}"
EndProject
Project("{FAE04EC0-301F-11D3-BF4B-00C04F79EFBC}") = "Challenge.Tests", "test\Challenge.Tests\Challenge.Tests.csproj", "{39FBE236-0F86-4EAF-8638-D6BC2D0BD3E6}"
EndProject
Global
	GlobalSection(SolutionConfigurationPlatforms) = preSolution
		Debug|Any CPU = Debug|Any CPU
		Debug|x64 = Debug|x64
		Debug|x86 = Debug|x86
		Release|Any CPU = Release|Any CPU
		Release|x64 = Release|x64
		Release|x86 = Release|x86
	EndGlobalSection
	GlobalSection(SolutionProperties) = preSolution
		HideSolutionNode = FALSE
	EndGlobalSection
	GlobalSection(ProjectConfigurationPlatforms) = postSolution
		{1BB25EE1-FE15-424D-B622-D92B4D719839}.Debug|Any CPU.ActiveCfg = Debug|Any CPU
		{1BB25EE1-FE15-424D-B622-D92B4D719839}.Debug|Any CPU.Build.0 = Debug|Any CPU
		{1BB25EE1-FE15-424D-B622-D92B4D719839}.Debug|x64.ActiveCfg = Debug|Any CPU
		{1BB25EE1-FE15-424D-B622-D92B4D719839}.Debug|x64.Build.0 = Debug|Any CPU
		{1BB25EE1-FE15-424D-B622-D92B4D719839}.Debug|x86.ActiveCfg = Debug|Any CPU
		{1BB25EE1-FE15-424D-B622-D92B4D719839}.Debug|x86.Build.0 = Debug|Any CPU
		{1BB25EE1-FE15-424D-B622-D92B4D719839}.Release|Any CPU.ActiveCfg = Release|Any CPU
		{1BB25EE1-FE15-424D-B622-D92B4D719839}.Release|Any CPU.Build.0 = Release|Any CPU
		{1BB25EE1-FE15-424D-B622-D92B4D719839}.Release|x64.ActiveCfg = Release|Any CPU
		{1BB25EE1-FE15-424D-B622-D92B4D719839}.Release|x64.Build.0 = Release|Any CPU
		{1BB25EE1-FE15-424D-B622-D92B4D719839}.Release|x86.ActiveCfg = Release|Any CPU
		{1BB25EE1-FE15-424D-B622-D92B4D719839}.Release|x86.Build.0 = Release|Any CPU
		{39FBE236-0F86-4EAF-8638-D6BC2D0BD3E6}.Debug|Any CPU.ActiveCfg = Debug|Any CPU
		{39FBE236-0F86-4EAF-8638-D6BC2D0BD3E6}.Debug|Any CPU.Build.0 = Debug|Any CPU
		{39FBE236-0F86-4EAF-8638-D6BC2D0BD3E6}.Debug|x64.ActiveCfg = Debug|Any CPU
		{39FBE236-0F86-4EAF-8638-D6BC2D0BD3E6}.Debug|x64.Build.0 = Debug|Any CPU
		{39FBE236-0F86-4EAF-8638-D6BC2D0BD3E6}.Debug|x86.ActiveCfg = Debug|Any CPU
		{39FBE236-0F86-4EAF-8638-D6BC2D0BD3E6}.Debug|x86.Build.0 = Debug|Any CPU
		{39FBE236-0F86-4EAF-8638-D6BC2D0BD3E6}.Release|Any CPU.ActiveCfg = Release|Any CPU
		{39FBE236-0F86-4EAF-8638-D6BC2D0BD3E6}.Release|Any CPU.Build.0 = Release|Any CPU
		{39FBE236-0F86-4EAF-8638-D6BC2D0BD3E6}.Release|x64.ActiveCfg = Release|Any CPU
		{39FBE236-0F86-4EAF-8638-D6BC2D0BD3E6}.Release|x64.Build.0 = Release|Any CPU
		{39FBE236-0F86-4EAF-8638-D6BC2D0BD3E6}.Release|x86.ActiveCfg = Release|Any CPU
		{39FBE236-0F86-4EAF-8638-D6BC2D0BD3E6}.Release|x86.Build.0 = Release|Any CPU
	EndGlobalSection
	GlobalSection(NestedProjects) = preSolution
		{1BB25EE1-FE15-424D-B622-D92B4D719839} = {384400AD-7DA4-4C34-AFE4-C1B2756E74D7}
		{39FBE236-0F86-4EAF-8638-D6BC2D0BD3E6} = {D4189B30-A057-40C1-87BE-2D288E464043}
	EndGlobalSection
EndGlobal
